Microsoft Visual Studio Solution File, Format Version 12.00
# Visual Studio Version 17
VisualStudioVersion = 17.5.2.0
MinimumVisualStudioVersion = 10.0.40219.1
Project("{FAE04EC0-301F-11D3-BF4B-00C04F79EFBC}") = "Semana 11", "Semana 11\Semana 11.csproj", "{9CCB7E7C-337C-D300-106B-B783FAE5DB24}"
EndProject
Global
	GlobalSection(SolutionConfigurationPlatforms) = preSolution
		Debug|Any CPU = Debug|Any CPU
		Release|Any CPU = Release|Any CPU
	EndGlobalSection
	GlobalSection(ProjectConfigurationPlatforms) = postSolution
		{9CCB7E7C-337C-D300-106B-B783FAE5DB24}.Debug|Any CPU.ActiveCfg = Debug|Any CPU
		{9CCB7E7C-337C-D300-106B-B783FAE5DB24}.Debug|Any CPU.Build.0 = Debug|Any CPU
		{9CCB7E7C-337C-D300-106B-B783FAE5DB24}.Release|Any CPU.ActiveCfg = Release|Any CPU
		{9CCB7E7C-337C-D300-106B-B783FAE5DB24}.Release|Any CPU.Build.0 = Release|Any CPU
	EndGlobalSection
	GlobalSection(SolutionProperties) = preSolution
		HideSolutionNode = FALSE
	EndGlobalSection
	GlobalSection(ExtensibilityGlobals) = postSolution
		SolutionGuid = {5351D887-9D97-4A71-809A-7D12B3C981F2}
	EndGlobalSection
EndGlobal
